// !$*UTF8*$!
{
	archiveVersion = 1;
	classes = {
	};
	objectVersion = 46;
	objects = {

/* Begin PBXBuildFile section */
		5B814FF81A7CAFAD0013DC4D /* main.m in Sources */ = {isa = PBXBuildFile; fileRef = 5B814FF71A7CAFAD0013DC4D /* main.m */; };
		5B814FFB1A7CAFAD0013DC4D /* AppDelegate.m in Sources */ = {isa = PBXBuildFile; fileRef = 5B814FFA1A7CAFAD0013DC4D /* AppDelegate.m */; };
		5B814FFE1A7CAFAD0013DC4D /* ViewController.m in Sources */ = {isa = PBXBuildFile; fileRef = 5B814FFD1A7CAFAD0013DC4D /* ViewController.m */; };
		5B8150011A7CAFAD0013DC4D /* Main.storyboard in Resources */ = {isa = PBXBuildFile; fileRef = 5B814FFF1A7CAFAD0013DC4D /* Main.storyboard */; };
		5B8150031A7CAFAD0013DC4D /* Images.xcassets in Resources */ = {isa = PBXBuildFile; fileRef = 5B8150021A7CAFAD0013DC4D /* Images.xcassets */; };
		5B8150061A7CAFAD0013DC4D /* LaunchScreen.xib in Resources */ = {isa = PBXBuildFile; fileRef = 5B8150041A7CAFAD0013DC4D /* LaunchScreen.xib */; };
		5B8150121A7CAFAD0013DC4D /* imp_OutletTests.m in Sources */ = {isa = PBXBuildFile; fileRef = 5B8150111A7CAFAD0013DC4D /* imp_OutletTests.m */; };
/* End PBXBuildFile section */

/* Begin PBXContainerItemProxy section */
		5B81500C1A7CAFAD0013DC4D /* PBXContainerItemProxy */ = {
			isa = PBXContainerItemProxy;
			containerPortal = 5B814FEA1A7CAFAC0013DC4D /* Project object */;
			proxyType = 1;
			remoteGlobalIDString = 5B814FF11A7CAFAC0013DC4D;
			remoteInfo = "imp Outlet";
		};
/* End PBXContainerItemProxy section */

/* Begin PBXFileReference section */
		5B814FF21A7CAFAC0013DC4D /* imp Outlet.app */ = {isa = PBXFileReference; explicitFileType = wrapper.application; includeInIndex = 0; path = "imp Outlet.app"; sourceTree = BUILT_PRODUCTS_DIR; };
		5B814FF61A7CAFAC0013DC4D /* Info.plist */ = {isa = PBXFileReference; lastKnownFileType = text.plist.xml; path = Info.plist; sourceTree = "<group>"; };
		5B814FF71A7CAFAD0013DC4D /* main.m */ = {isa = PBXFileReference; lastKnownFileType = sourcecode.c.objc; path = main.m; sourceTree = "<group>"; };
		5B814FF91A7CAFAD0013DC4D /* AppDelegate.h */ = {isa = PBXFileReference; lastKnownFileType = sourcecode.c.h; path = AppDelegate.h; sourceTree = "<group>"; };
		5B814FFA1A7CAFAD0013DC4D /* AppDelegate.m */ = {isa = PBXFileReference; lastKnownFileType = sourcecode.c.objc; path = AppDelegate.m; sourceTree = "<group>"; };
		5B814FFC1A7CAFAD0013DC4D /* ViewController.h */ = {isa = PBXFileReference; lastKnownFileType = sourcecode.c.h; path = ViewController.h; sourceTree = "<group>"; };
		5B814FFD1A7CAFAD0013DC4D /* ViewController.m */ = {isa = PBXFileReference; lastKnownFileType = sourcecode.c.objc; path = ViewController.m; sourceTree = "<group>"; };
		5B8150001A7CAFAD0013DC4D /* Base */ = {isa = PBXFileReference; lastKnownFileType = file.storyboard; name = Base; path = Base.lproj/Main.storyboard; sourceTree = "<group>"; };
		5B8150021A7CAFAD0013DC4D /* Images.xcassets */ = {isa = PBXFileReference; lastKnownFileType = folder.assetcatalog; path = Images.xcassets; sourceTree = "<group>"; };
		5B8150051A7CAFAD0013DC4D /* Base */ = {isa = PBXFileReference; lastKnownFileType = file.xib; name = Base; path = Base.lproj/LaunchScreen.xib; sourceTree = "<group>"; };
		5B81500B1A7CAFAD0013DC4D /* imp OutletTests.xctest */ = {isa = PBXFileReference; explicitFileType = wrapper.cfbundle; includeInIndex = 0; path = "imp OutletTests.xctest"; sourceTree = BUILT_PRODUCTS_DIR; };
		5B8150101A7CAFAD0013DC4D /* Info.plist */ = {isa = PBXFileReference; lastKnownFileType = text.plist.xml; path = Info.plist; sourceTree = "<group>"; };
		5B8150111A7CAFAD0013DC4D /* imp_OutletTests.m */ = {isa = PBXFileReference; lastKnownFileType = sourcecode.c.objc; path = imp_OutletTests.m; sourceTree = "<group>"; };
/* End PBXFileReference section */

/* Begin PBXFrameworksBuildPhase section */
		5B814FEF1A7CAFAC0013DC4D /* Frameworks */ = {
			isa = PBXFrameworksBuildPhase;
			buildActionMask = 2147483647;
			files = (
			);
			runOnlyForDeploymentPostprocessing = 0;
		};
		5B8150081A7CAFAD0013DC4D /* Frameworks */ = {
			isa = PBXFrameworksBuildPhase;
			buildActionMask = 2147483647;
			files = (
			);
			runOnlyForDeploymentPostprocessing = 0;
		};
/* End PBXFrameworksBuildPhase section */

/* Begin PBXGroup section */
		5B814FE91A7CAFAC0013DC4D = {
			isa = PBXGroup;
			children = (
				5B814FF41A7CAFAC0013DC4D /* imp Outlet */,
				5B81500E1A7CAFAD0013DC4D /* imp OutletTests */,
				5B814FF31A7CAFAC0013DC4D /* Products */,
			);
			sourceTree = "<group>";
		};
		5B814FF31A7CAFAC0013DC4D /* Products */ = {
			isa = PBXGroup;
			children = (
				5B814FF21A7CAFAC0013DC4D /* imp Outlet.app */,
				5B81500B1A7CAFAD0013DC4D /* imp OutletTests.xctest */,
			);
			name = Products;
			sourceTree = "<group>";
		};
		5B814FF41A7CAFAC0013DC4D /* imp Outlet */ = {
			isa = PBXGroup;
			children = (
				5B814FF91A7CAFAD0013DC4D /* AppDelegate.h */,
				5B814FFA1A7CAFAD0013DC4D /* AppDelegate.m */,
				5B814FFC1A7CAFAD0013DC4D /* ViewController.h */,
				5B814FFD1A7CAFAD0013DC4D /* ViewController.m */,
				5B814FFF1A7CAFAD0013DC4D /* Main.storyboard */,
				5B8150021A7CAFAD0013DC4D /* Images.xcassets */,
				5B8150041A7CAFAD0013DC4D /* LaunchScreen.xib */,
				5B814FF51A7CAFAC0013DC4D /* Supporting Files */,
			);
			path = "imp Outlet";
			sourceTree = "<group>";
		};
		5B814FF51A7CAFAC0013DC4D /* Supporting Files */ = {
			isa = PBXGroup;
			children = (
				5B814FF61A7CAFAC0013DC4D /* Info.plist */,
				5B814FF71A7CAFAD0013DC4D /* main.m */,
			);
			name = "Supporting Files";
			sourceTree = "<group>";
		};
		5B81500E1A7CAFAD0013DC4D /* imp OutletTests */ = {
			isa = PBXGroup;
			children = (
				5B8150111A7CAFAD0013DC4D /* imp_OutletTests.m */,
				5B81500F1A7CAFAD0013DC4D /* Supporting Files */,
			);
			path = "imp OutletTests";
			sourceTree = "<group>";
		};
		5B81500F1A7CAFAD0013DC4D /* Supporting Files */ = {
			isa = PBXGroup;
			children = (
				5B8150101A7CAFAD0013DC4D /* Info.plist */,
			);
			name = "Supporting Files";
			sourceTree = "<group>";
		};
/* End PBXGroup section */

/* Begin PBXNativeTarget section */
		5B814FF11A7CAFAC0013DC4D /* imp Outlet */ = {
			isa = PBXNativeTarget;
			buildConfigurationList = 5B8150151A7CAFAD0013DC4D /* Build configuration list for PBXNativeTarget "imp Outlet" */;
			buildPhases = (
				5B814FEE1A7CAFAC0013DC4D /* Sources */,
				5B814FEF1A7CAFAC0013DC4D /* Frameworks */,
				5B814FF01A7CAFAC0013DC4D /* Resources */,
			);
			buildRules = (
			);
			dependencies = (
			);
			name = "imp Outlet";
			productName = "imp Outlet";
			productReference = 5B814FF21A7CAFAC0013DC4D /* imp Outlet.app */;
			productType = "com.apple.product-type.application";
		};
		5B81500A1A7CAFAD0013DC4D /* imp OutletTests */ = {
			isa = PBXNativeTarget;
			buildConfigurationList = 5B8150181A7CAFAD0013DC4D /* Build configuration list for PBXNativeTarget "imp OutletTests" */;
			buildPhases = (
				5B8150071A7CAFAD0013DC4D /* Sources */,
				5B8150081A7CAFAD0013DC4D /* Frameworks */,
				5B8150091A7CAFAD0013DC4D /* Resources */,
			);
			buildRules = (
			);
			dependencies = (
				5B81500D1A7CAFAD0013DC4D /* PBXTargetDependency */,
			);
			name = "imp OutletTests";
			productName = "imp OutletTests";
			productReference = 5B81500B1A7CAFAD0013DC4D /* imp OutletTests.xctest */;
			productType = "com.apple.product-type.bundle.unit-test";
		};
/* End PBXNativeTarget section */

/* Begin PBXProject section */
		5B814FEA1A7CAFAC0013DC4D /* Project object */ = {
			isa = PBXProject;
			attributes = {
				LastUpgradeCheck = 0610;
				ORGANIZATIONNAME = "Victor Carreño";
				TargetAttributes = {
					5B814FF11A7CAFAC0013DC4D = {
						CreatedOnToolsVersion = 6.1.1;
					};
					5B81500A1A7CAFAD0013DC4D = {
						CreatedOnToolsVersion = 6.1.1;
						TestTargetID = 5B814FF11A7CAFAC0013DC4D;
					};
				};
			};
			buildConfigurationList = 5B814FED1A7CAFAC0013DC4D /* Build configuration list for PBXProject "imp Outlet" */;
			compatibilityVersion = "Xcode 3.2";
			developmentRegion = English;
			hasScannedForEncodings = 0;
			knownRegions = (
				en,
				Base,
			);
			mainGroup = 5B814FE91A7CAFAC0013DC4D;
			productRefGroup = 5B814FF31A7CAFAC0013DC4D /* Products */;
			projectDirPath = "";
			projectRoot = "";
			targets = (
				5B814FF11A7CAFAC0013DC4D /* imp Outlet */,
				5B81500A1A7CAFAD0013DC4D /* imp OutletTests */,
			);
		};
/* End PBXProject section */

/* Begin PBXResourcesBuildPhase section */
		5B814FF01A7CAFAC0013DC4D /* Resources */ = {
			isa = PBXResourcesBuildPhase;
			buildActionMask = 2147483647;
			files = (
				5B8150011A7CAFAD0013DC4D /* Main.storyboard in Resources */,
				5B8150061A7CAFAD0013DC4D /* LaunchScreen.xib in Resources */,
				5B8150031A7CAFAD0013DC4D /* Images.xcassets in Resources */,
			);
			runOnlyForDeploymentPostprocessing = 0;
		};
		5B8150091A7CAFAD0013DC4D /* Resources */ = {
			isa = PBXResourcesBuildPhase;
			buildActionMask = 2147483647;
			files = (
			);
			runOnlyForDeploymentPostprocessing = 0;
		};
/* End PBXResourcesBuildPhase section */

/* Begin PBXSourcesBuildPhase section */
		5B814FEE1A7CAFAC0013DC4D /* Sources */ = {
			isa = PBXSourcesBuildPhase;
			buildActionMask = 2147483647;
			files = (
				5B814FFE1A7CAFAD0013DC4D /* ViewController.m in Sources */,
				5B814FFB1A7CAFAD0013DC4D /* AppDelegate.m in Sources */,
				5B814FF81A7CAFAD0013DC4D /* main.m in Sources */,
			);
			runOnlyForDeploymentPostprocessing = 0;
		};
		5B8150071A7CAFAD0013DC4D /* Sources */ = {
			isa = PBXSourcesBuildPhase;
			buildActionMask = 2147483647;
			files = (
				5B8150121A7CAFAD0013DC4D /* imp_OutletTests.m in Sources */,
			);
			runOnlyForDeploymentPostprocessing = 0;
		};
/* End PBXSourcesBuildPhase section */

/* Begin PBXTargetDependency section */
		5B81500D1A7CAFAD0013DC4D /* PBXTargetDependency */ = {
			isa = PBXTargetDependency;
			target = 5B814FF11A7CAFAC0013DC4D /* imp Outlet */;
			targetProxy = 5B81500C1A7CAFAD0013DC4D /* PBXContainerItemProxy */;
		};
/* End PBXTargetDependency section */

/* Begin PBXVariantGroup section */
		5B814FFF1A7CAFAD0013DC4D /* Main.storyboard */ = {
			isa = PBXVariantGroup;
			children = (
				5B8150001A7CAFAD0013DC4D /* Base */,
			);
			name = Main.storyboard;
			sourceTree = "<group>";
		};
		5B8150041A7CAFAD0013DC4D /* LaunchScreen.xib */ = {
			isa = PBXVariantGroup;
			children = (
				5B8150051A7CAFAD0013DC4D /* Base */,
			);
			name = LaunchScreen.xib;
			sourceTree = "<group>";
		};
/* End PBXVariantGroup section */

/* Begin XCBuildConfiguration section */
		5B8150131A7CAFAD0013DC4D /* Debug */ = {
			isa = XCBuildConfiguration;
			buildSettings = {
				ALWAYS_SEARCH_USER_PATHS = NO;
				CLANG_CXX_LANGUAGE_STANDARD = "gnu++0x";
				CLANG_CXX_LIBRARY = "libc++";
				CLANG_ENABLE_MODULES = YES;
				CLANG_ENABLE_OBJC_ARC = YES;
				CLANG_WARN_BOOL_CONVERSION = YES;
				CLANG_WARN_CONSTANT_CONVERSION = YES;
				CLANG_WARN_DIRECT_OBJC_ISA_USAGE = YES_ERROR;
				CLANG_WARN_EMPTY_BODY = YES;
				CLANG_WARN_ENUM_CONVERSION = YES;
				CLANG_WARN_INT_CONVERSION = YES;
				CLANG_WARN_OBJC_ROOT_CLASS = YES_ERROR;
				CLANG_WARN_UNREACHABLE_CODE = YES;
				CLANG_WARN__DUPLICATE_METHOD_MATCH = YES;
				"CODE_SIGN_IDENTITY[sdk=iphoneos*]" = "iPhone Developer";
				COPY_PHASE_STRIP = NO;
				ENABLE_STRICT_OBJC_MSGSEND = YES;
				GCC_C_LANGUAGE_STANDARD = gnu99;
				GCC_DYNAMIC_NO_PIC = NO;
				GCC_OPTIMIZATION_LEVEL = 0;
				GCC_PREPROCESSOR_DEFINITIONS = (
					"DEBUG=1",
					"$(inherited)",
				);
				GCC_SYMBOLS_PRIVATE_EXTERN = NO;
				GCC_WARN_64_TO_32_BIT_CONVERSION = YES;
				GCC_WARN_ABOUT_RETURN_TYPE = YES_ERROR;
				GCC_WARN_UNDECLARED_SELECTOR = YES;
				GCC_WARN_UNINITIALIZED_AUTOS = YES_AGGRESSIVE;
				GCC_WARN_UNUSED_FUNCTION = YES;
				GCC_WARN_UNUSED_VARIABLE = YES;
				IPHONEOS_DEPLOYMENT_TARGET = 8.1;
				MTL_ENABLE_DEBUG_INFO = YES;
				ONLY_ACTIVE_ARCH = YES;
				SDKROOT = iphoneos;
			};
			name = Debug;
		};
		5B8150141A7CAFAD0013DC4D /* Release */ = {
			isa = XCBuildConfiguration;
			buildSettings = {
				ALWAYS_SEARCH_USER_PATHS = NO;
				CLANG_CXX_LANGUAGE_STANDARD = "gnu++0x";
				CLANG_CXX_LIBRARY = "libc++";
				CLANG_ENABLE_MODULES = YES;
				CLANG_ENABLE_OBJC_ARC = YES;
				CLANG_WARN_BOOL_CONVERSION = YES;
				CLANG_WARN_CONSTANT_CONVERSION = YES;
				CLANG_WARN_DIRECT_OBJC_ISA_USAGE = YES_ERROR;
				CLANG_WARN_EMPTY_BODY = YES;
				CLANG_WARN_ENUM_CONVERSION = YES;
				CLANG_WARN_INT_CONVERSION = YES;
				CLANG_WARN_OBJC_ROOT_CLASS = YES_ERROR;
				CLANG_WARN_UNREACHABLE_CODE = YES;
				CLANG_WARN__DUPLICATE_METHOD_MATCH = YES;
				"CODE_SIGN_IDENTITY[sdk=iphoneos*]" = "iPhone Developer";
				COPY_PHASE_STRIP = YES;
				ENABLE_NS_ASSERTIONS = NO;
				ENABLE_STRICT_OBJC_MSGSEND = YES;
				GCC_C_LANGUAGE_STANDARD = gnu99;
				GCC_WARN_64_TO_32_BIT_CONVERSION = YES;
				GCC_WARN_ABOUT_RETURN_TYPE = YES_ERROR;
				GCC_WARN_UNDECLARED_SELECTOR = YES;
				GCC_WARN_UNINITIALIZED_AUTOS = YES_AGGRESSIVE;
				GCC_WARN_UNUSED_FUNCTION = YES;
				GCC_WARN_UNUSED_VARIABLE = YES;
				IPHONEOS_DEPLOYMENT_TARGET = 8.1;
				MTL_ENABLE_DEBUG_INFO = NO;
				SDKROOT = iphoneos;
				VALIDATE_PRODUCT = YES;
			};
			name = Release;
		};
		5B8150161A7CAFAD0013DC4D /* Debug */ = {
			isa = XCBuildConfiguration;
			buildSettings = {
				ASSETCATALOG_COMPILER_APPICON_NAME = AppIcon;
				INFOPLIST_FILE = "imp Outlet/Info.plist";
				LD_RUNPATH_SEARCH_PATHS = "$(inherited) @executable_path/Frameworks";
				PRODUCT_NAME = "$(TARGET_NAME)";
			};
			name = Debug;
		};
		5B8150171A7CAFAD0013DC4D /* Release */ = {
			isa = XCBuildConfiguration;
			buildSettings = {
				ASSETCATALOG_COMPILER_APPICON_NAME = AppIcon;
				INFOPLIST_FILE = "imp Outlet/Info.plist";
				LD_RUNPATH_SEARCH_PATHS = "$(inherited) @executable_path/Frameworks";
				PRODUCT_NAME = "$(TARGET_NAME)";
			};
			name = Release;
		};
		5B8150191A7CAFAD0013DC4D /* Debug */ = {
			isa = XCBuildConfiguration;
			buildSettings = {
				BUNDLE_LOADER = "$(TEST_HOST)";
				FRAMEWORK_SEARCH_PATHS = (
					"$(SDKROOT)/Developer/Library/Frameworks",
					"$(inherited)",
				);
				GCC_PREPROCESSOR_DEFINITIONS = (
					"DEBUG=1",
					"$(inherited)",
				);
				INFOPLIST_FILE = "imp OutletTests/Info.plist";
				LD_RUNPATH_SEARCH_PATHS = "$(inherited) @executable_path/Frameworks @loader_path/Frameworks";
				PRODUCT_NAME = "$(TARGET_NAME)";
				TEST_HOST = "$(BUILT_PRODUCTS_DIR)/imp Outlet.app/imp Outlet";
			};
			name = Debug;
		};
		5B81501A1A7CAFAD0013DC4D /* Release */ = {
			isa = XCBuildConfiguration;
			buildSettings = {
				BUNDLE_LOADER = "$(TEST_HOST)";
				FRAMEWORK_SEARCH_PATHS = (
					"$(SDKROOT)/Developer/Library/Frameworks",
					"$(inherited)",
				);
				INFOPLIST_FILE = "imp OutletTests/Info.plist";
				LD_RUNPATH_SEARCH_PATHS = "$(inherited) @executable_path/Frameworks @loader_path/Frameworks";
				PRODUCT_NAME = "$(TARGET_NAME)";
				TEST_HOST = "$(BUILT_PRODUCTS_DIR)/imp Outlet.app/imp Outlet";
			};
			name = Release;
		};
/* End XCBuildConfiguration section */

/* Begin XCConfigurationList section */
		5B814FED1A7CAFAC0013DC4D /* Build configuration list for PBXProject "imp Outlet" */ = {
			isa = XCConfigurationList;
			buildConfigurations = (
				5B8150131A7CAFAD0013DC4D /* Debug */,
				5B8150141A7CAFAD0013DC4D /* Release */,
			);
			defaultConfigurationIsVisible = 0;
			defaultConfigurationName = Release;
		};
		5B8150151A7CAFAD0013DC4D /* Build configuration list for PBXNativeTarget "imp Outlet" */ = {
			isa = XCConfigurationList;
			buildConfigurations = (
				5B8150161A7CAFAD0013DC4D /* Debug */,
				5B8150171A7CAFAD0013DC4D /* Release */,
			);
			defaultConfigurationIsVisible = 0;
		};
		5B8150181A7CAFAD0013DC4D /* Build configuration list for PBXNativeTarget "imp OutletTests" */ = {
			isa = XCConfigurationList;
			buildConfigurations = (
				5B8150191A7CAFAD0013DC4D /* Debug */,
				5B81501A1A7CAFAD0013DC4D /* Release */,
			);
			defaultConfigurationIsVisible = 0;
		};
/* End XCConfigurationList section */
	};
	rootObject = 5B814FEA1A7CAFAC0013DC4D /* Project object */;
}
